// !$*UTF8*$!
{
	archiveVersion = 1;
	classes = {
	};
	objectVersion = 46;
	objects = {

/* Begin PBXBuildFile section */
		D332CE141BB34480004A977B /* AppDelegate.swift in Sources */ = {isa = PBXBuildFile; fileRef = D332CE131BB34480004A977B /* AppDelegate.swift */; };
		D332CE161BB34480004A977B /* ViewController.swift in Sources */ = {isa = PBXBuildFile; fileRef = D332CE151BB34480004A977B /* ViewController.swift */; };
		D332CE191BB34480004A977B /* Main.storyboard in Resources */ = {isa = PBXBuildFile; fileRef = D332CE171BB34480004A977B /* Main.storyboard */; };
		D332CE1B1BB34480004A977B /* Assets.xcassets in Resources */ = {isa = PBXBuildFile; fileRef = D332CE1A1BB34480004A977B /* Assets.xcassets */; };
		D332CE1E1BB34480004A977B /* LaunchScreen.storyboard in Resources */ = {isa = PBXBuildFile; fileRef = D332CE1C1BB34480004A977B /* LaunchScreen.storyboard */; };
		D332CE291BB34480004A977B /* FoodTrackerTests.swift in Sources */ = {isa = PBXBuildFile; fileRef = D332CE281BB34480004A977B /* FoodTrackerTests.swift */; };
		D393651E1BB84E27009DB2D4 /* RatingControl.swift in Sources */ = {isa = PBXBuildFile; fileRef = D393651D1BB84E26009DB2D4 /* RatingControl.swift */; settings = {ASSET_TAGS = (); }; };
/* End PBXBuildFile section */

/* Begin PBXContainerItemProxy section */
		D332CE251BB34480004A977B /* PBXContainerItemProxy */ = {
			isa = PBXContainerItemProxy;
			containerPortal = D332CE081BB34480004A977B /* Project object */;
			proxyType = 1;
			remoteGlobalIDString = D332CE0F1BB34480004A977B;
			remoteInfo = FoodTracker;
		};
/* End PBXContainerItemProxy section */

/* Begin PBXFileReference section */
		D332CE101BB34480004A977B /* FoodTracker.app */ = {isa = PBXFileReference; explicitFileType = wrapper.application; includeInIndex = 0; path = FoodTracker.app; sourceTree = BUILT_PRODUCTS_DIR; };
		D332CE131BB34480004A977B /* AppDelegate.swift */ = {isa = PBXFileReference; lastKnownFileType = sourcecode.swift; path = AppDelegate.swift; sourceTree = "<group>"; };
		D332CE151BB34480004A977B /* ViewController.swift */ = {isa = PBXFileReference; lastKnownFileType = sourcecode.swift; path = ViewController.swift; sourceTree = "<group>"; };
		D332CE181BB34480004A977B /* Base */ = {isa = PBXFileReference; lastKnownFileType = file.storyboard; name = Base; path = Base.lproj/Main.storyboard; sourceTree = "<group>"; };
		D332CE1A1BB34480004A977B /* Assets.xcassets */ = {isa = PBXFileReference; lastKnownFileType = folder.assetcatalog; path = Assets.xcassets; sourceTree = "<group>"; };
		D332CE1D1BB34480004A977B /* Base */ = {isa = PBXFileReference; lastKnownFileType = file.storyboard; name = Base; path = Base.lproj/LaunchScreen.storyboard; sourceTree = "<group>"; };
		D332CE1F1BB34480004A977B /* Info.plist */ = {isa = PBXFileReference; lastKnownFileType = text.plist.xml; path = Info.plist; sourceTree = "<group>"; };
		D332CE241BB34480004A977B /* FoodTrackerTests.xctest */ = {isa = PBXFileReference; explicitFileType = wrapper.cfbundle; includeInIndex = 0; path = FoodTrackerTests.xctest; sourceTree = BUILT_PRODUCTS_DIR; };
		D332CE281BB34480004A977B /* FoodTrackerTests.swift */ = {isa = PBXFileReference; lastKnownFileType = sourcecode.swift; path = FoodTrackerTests.swift; sourceTree = "<group>"; };
		D332CE2A1BB34480004A977B /* Info.plist */ = {isa = PBXFileReference; lastKnownFileType = text.plist.xml; path = Info.plist; sourceTree = "<group>"; };
		D393651D1BB84E26009DB2D4 /* RatingControl.swift */ = {isa = PBXFileReference; fileEncoding = 4; lastKnownFileType = sourcecode.swift; path = RatingControl.swift; sourceTree = "<group>"; };
/* End PBXFileReference section */

/* Begin PBXFrameworksBuildPhase section */
		D332CE0D1BB34480004A977B /* Frameworks */ = {
			isa = PBXFrameworksBuildPhase;
			buildActionMask = 2147483647;
			files = (
			);
			runOnlyForDeploymentPostprocessing = 0;
		};
		D332CE211BB34480004A977B /* Frameworks */ = {
			isa = PBXFrameworksBuildPhase;
			buildActionMask = 2147483647;
			files = (
			);
			runOnlyForDeploymentPostprocessing = 0;
		};
/* End PBXFrameworksBuildPhase section */

/* Begin PBXGroup section */
		D332CE071BB34480004A977B = {
			isa = PBXGroup;
			children = (
				D332CE121BB34480004A977B /* FoodTracker */,
				D332CE271BB34480004A977B /* FoodTrackerTests */,
				D332CE111BB34480004A977B /* Products */,
			);
			sourceTree = "<group>";
		};
		D332CE111BB34480004A977B /* Products */ = {
			isa = PBXGroup;
			children = (
				D332CE101BB34480004A977B /* FoodTracker.app */,
				D332CE241BB34480004A977B /* FoodTrackerTests.xctest */,
			);
			name = Products;
			sourceTree = "<group>";
		};
		D332CE121BB34480004A977B /* FoodTracker */ = {
			isa = PBXGroup;
			children = (
				D332CE131BB34480004A977B /* AppDelegate.swift */,
				D332CE151BB34480004A977B /* ViewController.swift */,
				D393651D1BB84E26009DB2D4 /* RatingControl.swift */,
				D332CE171BB34480004A977B /* Main.storyboard */,
				D332CE1A1BB34480004A977B /* Assets.xcassets */,
				D332CE1C1BB34480004A977B /* LaunchScreen.storyboard */,
				D332CE1F1BB34480004A977B /* Info.plist */,
			);
			path = FoodTracker;
			sourceTree = "<group>";
		};
		D332CE271BB34480004A977B /* FoodTrackerTests */ = {
			isa = PBXGroup;
			children = (
				D332CE281BB34480004A977B /* FoodTrackerTests.swift */,
				D332CE2A1BB34480004A977B /* Info.plist */,
			);
			path = FoodTrackerTests;
			sourceTree = "<group>";
		};
/* End PBXGroup section */

/* Begin PBXNativeTarget section */
		D332CE0F1BB34480004A977B /* FoodTracker */ = {
			isa = PBXNativeTarget;
			buildConfigurationList = D332CE2D1BB34480004A977B /* Build configuration list for PBXNativeTarget "FoodTracker" */;
			buildPhases = (
				D332CE0C1BB34480004A977B /* Sources */,
				D332CE0D1BB34480004A977B /* Frameworks */,
				D332CE0E1BB34480004A977B /* Resources */,
			);
			buildRules = (
			);
			dependencies = (
			);
			name = FoodTracker;
			productName = FoodTracker;
			productReference = D332CE101BB34480004A977B /* FoodTracker.app */;
			productType = "com.apple.product-type.application";
		};
		D332CE231BB34480004A977B /* FoodTrackerTests */ = {
			isa = PBXNativeTarget;
			buildConfigurationList = D332CE301BB34480004A977B /* Build configuration list for PBXNativeTarget "FoodTrackerTests" */;
			buildPhases = (
				D332CE201BB34480004A977B /* Sources */,
				D332CE211BB34480004A977B /* Frameworks */,
				D332CE221BB34480004A977B /* Resources */,
			);
			buildRules = (
			);
			dependencies = (
				D332CE261BB34480004A977B /* PBXTargetDependency */,
			);
			name = FoodTrackerTests;
			productName = FoodTrackerTests;
			productReference = D332CE241BB34480004A977B /* FoodTrackerTests.xctest */;
			productType = "com.apple.product-type.bundle.unit-test";
		};
/* End PBXNativeTarget section */

/* Begin PBXProject section */
		D332CE081BB34480004A977B /* Project object */ = {
			isa = PBXProject;
			attributes = {
				LastUpgradeCheck = 0700;
				ORGANIZATIONNAME = "Jan Kraus Stanko";
				TargetAttributes = {
					D332CE0F1BB34480004A977B = {
						CreatedOnToolsVersion = 7.0;
					};
					D332CE231BB34480004A977B = {
						CreatedOnToolsVersion = 7.0;
						TestTargetID = D332CE0F1BB34480004A977B;
					};
				};
			};
			buildConfigurationList = D332CE0B1BB34480004A977B /* Build configuration list for PBXProject "FoodTracker" */;
			compatibilityVersion = "Xcode 3.2";
			developmentRegion = English;
			hasScannedForEncodings = 0;
			knownRegions = (
				en,
				Base,
			);
			mainGroup = D332CE071BB34480004A977B;
			productRefGroup = D332CE111BB34480004A977B /* Products */;
			projectDirPath = "";
			projectRoot = "";
			targets = (
				D332CE0F1BB34480004A977B /* FoodTracker */,
				D332CE231BB34480004A977B /* FoodTrackerTests */,
			);
		};
/* End PBXProject section */

/* Begin PBXResourcesBuildPhase section */
		D332CE0E1BB34480004A977B /* Resources */ = {
			isa = PBXResourcesBuildPhase;
			buildActionMask = 2147483647;
			files = (
				D332CE1E1BB34480004A977B /* LaunchScreen.storyboard in Resources */,
				D332CE1B1BB34480004A977B /* Assets.xcassets in Resources */,
				D332CE191BB34480004A977B /* Main.storyboard in Resources */,
			);
			runOnlyForDeploymentPostprocessing = 0;
		};
		D332CE221BB34480004A977B /* Resources */ = {
			isa = PBXResourcesBuildPhase;
			buildActionMask = 2147483647;
			files = (
			);
			runOnlyForDeploymentPostprocessing = 0;
		};
/* End PBXResourcesBuildPhase section */

/* Begin PBXSourcesBuildPhase section */
		D332CE0C1BB34480004A977B /* Sources */ = {
			isa = PBXSourcesBuildPhase;
			buildActionMask = 2147483647;
			files = (
				D332CE161BB34480004A977B /* ViewController.swift in Sources */,
				D393651E1BB84E27009DB2D4 /* RatingControl.swift in Sources */,
				D332CE141BB34480004A977B /* AppDelegate.swift in Sources */,
			);
			runOnlyForDeploymentPostprocessing = 0;
		};
		D332CE201BB34480004A977B /* Sources */ = {
			isa = PBXSourcesBuildPhase;
			buildActionMask = 2147483647;
			files = (
				D332CE291BB34480004A977B /* FoodTrackerTests.swift in Sources */,
			);
			runOnlyForDeploymentPostprocessing = 0;
		};
/* End PBXSourcesBuildPhase section */

/* Begin PBXTargetDependency section */
		D332CE261BB34480004A977B /* PBXTargetDependency */ = {
			isa = PBXTargetDependency;
			target = D332CE0F1BB34480004A977B /* FoodTracker */;
			targetProxy = D332CE251BB34480004A977B /* PBXContainerItemProxy */;
		};
/* End PBXTargetDependency section */

/* Begin PBXVariantGroup section */
		D332CE171BB34480004A977B /* Main.storyboard */ = {
			isa = PBXVariantGroup;
			children = (
				D332CE181BB34480004A977B /* Base */,
			);
			name = Main.storyboard;
			sourceTree = "<group>";
		};
		D332CE1C1BB34480004A977B /* LaunchScreen.storyboard */ = {
			isa = PBXVariantGroup;
			children = (
				D332CE1D1BB34480004A977B /* Base */,
			);
			name = LaunchScreen.storyboard;
			sourceTree = "<group>";
		};
/* End PBXVariantGroup section */

/* Begin XCBuildConfiguration section */
		D332CE2B1BB34480004A977B /* Debug */ = {
			isa = XCBuildConfiguration;
			buildSettings = {
				ALWAYS_SEARCH_USER_PATHS = NO;
				CLANG_CXX_LANGUAGE_STANDARD = "gnu++0x";
				CLANG_CXX_LIBRARY = "libc++";
				CLANG_ENABLE_MODULES = YES;
				CLANG_ENABLE_OBJC_ARC = YES;
				CLANG_WARN_BOOL_CONVERSION = YES;
				CLANG_WARN_CONSTANT_CONVERSION = YES;
				CLANG_WARN_DIRECT_OBJC_ISA_USAGE = YES_ERROR;
				CLANG_WARN_EMPTY_BODY = YES;
				CLANG_WARN_ENUM_CONVERSION = YES;
				CLANG_WARN_INT_CONVERSION = YES;
				CLANG_WARN_OBJC_ROOT_CLASS = YES_ERROR;
				CLANG_WARN_UNREACHABLE_CODE = YES;
				CLANG_WARN__DUPLICATE_METHOD_MATCH = YES;
				"CODE_SIGN_IDENTITY[sdk=iphoneos*]" = "iPhone Developer";
				COPY_PHASE_STRIP = NO;
				DEBUG_INFORMATION_FORMAT = dwarf;
				ENABLE_STRICT_OBJC_MSGSEND = YES;
				ENABLE_TESTABILITY = YES;
				GCC_C_LANGUAGE_STANDARD = gnu99;
				GCC_DYNAMIC_NO_PIC = NO;
				GCC_NO_COMMON_BLOCKS = YES;
				GCC_OPTIMIZATION_LEVEL = 0;
				GCC_PREPROCESSOR_DEFINITIONS = (
					"DEBUG=1",
					"$(inherited)",
				);
				GCC_WARN_64_TO_32_BIT_CONVERSION = YES;
				GCC_WARN_ABOUT_RETURN_TYPE = YES_ERROR;
				GCC_WARN_UNDECLARED_SELECTOR = YES;
				GCC_WARN_UNINITIALIZED_AUTOS = YES_AGGRESSIVE;
				GCC_WARN_UNUSED_FUNCTION = YES;
				GCC_WARN_UNUSED_VARIABLE = YES;
				IPHONEOS_DEPLOYMENT_TARGET = 9.0;
				MTL_ENABLE_DEBUG_INFO = YES;
				ONLY_ACTIVE_ARCH = YES;
				SDKROOT = iphoneos;
				SWIFT_OPTIMIZATION_LEVEL = "-Onone";
				TARGETED_DEVICE_FAMILY = "1,2";
			};
			name = Debug;
		};
		D332CE2C1BB34480004A977B /* Release */ = {
			isa = XCBuildConfiguration;
			buildSettings = {
				ALWAYS_SEARCH_USER_PATHS = NO;
				CLANG_CXX_LANGUAGE_STANDARD = "gnu++0x";
				CLANG_CXX_LIBRARY = "libc++";
				CLANG_ENABLE_MODULES = YES;
				CLANG_ENABLE_OBJC_ARC = YES;
				CLANG_WARN_BOOL_CONVERSION = YES;
				CLANG_WARN_CONSTANT_CONVERSION = YES;
				CLANG_WARN_DIRECT_OBJC_ISA_USAGE = YES_ERROR;
				CLANG_WARN_EMPTY_BODY = YES;
				CLANG_WARN_ENUM_CONVERSION = YES;
				CLANG_WARN_INT_CONVERSION = YES;
				CLANG_WARN_OBJC_ROOT_CLASS = YES_ERROR;
				CLANG_WARN_UNREACHABLE_CODE = YES;
				CLANG_WARN__DUPLICATE_METHOD_MATCH = YES;
				"CODE_SIGN_IDENTITY[sdk=iphoneos*]" = "iPhone Developer";
				COPY_PHASE_STRIP = NO;
				DEBUG_INFORMATION_FORMAT = "dwarf-with-dsym";
				ENABLE_NS_ASSERTIONS = NO;
				ENABLE_STRICT_OBJC_MSGSEND = YES;
				GCC_C_LANGUAGE_STANDARD = gnu99;
				GCC_NO_COMMON_BLOCKS = YES;
				GCC_WARN_64_TO_32_BIT_CONVERSION = YES;
				GCC_WARN_ABOUT_RETURN_TYPE = YES_ERROR;
				GCC_WARN_UNDECLARED_SELECTOR = YES;
				GCC_WARN_UNINITIALIZED_AUTOS = YES_AGGRESSIVE;
				GCC_WARN_UNUSED_FUNCTION = YES;
				GCC_WARN_UNUSED_VARIABLE = YES;
				IPHONEOS_DEPLOYMENT_TARGET = 9.0;
				MTL_ENABLE_DEBUG_INFO = NO;
				SDKROOT = iphoneos;
				TARGETED_DEVICE_FAMILY = "1,2";
				VALIDATE_PRODUCT = YES;
			};
			name = Release;
		};
		D332CE2E1BB34480004A977B /* Debug */ = {
			isa = XCBuildConfiguration;
			buildSettings = {
				ASSETCATALOG_COMPILER_APPICON_NAME = AppIcon;
				INFOPLIST_FILE = FoodTracker/Info.plist;
				LD_RUNPATH_SEARCH_PATHS = "$(inherited) @executable_path/Frameworks";
				PRODUCT_BUNDLE_IDENTIFIER = pl.jankraus.FoodTracker;
				PRODUCT_NAME = "$(TARGET_NAME)";
			};
			name = Debug;
		};
		D332CE2F1BB34480004A977B /* Release */ = {
			isa = XCBuildConfiguration;
			buildSettings = {
				ASSETCATALOG_COMPILER_APPICON_NAME = AppIcon;
				INFOPLIST_FILE = FoodTracker/Info.plist;
				LD_RUNPATH_SEARCH_PATHS = "$(inherited) @executable_path/Frameworks";
				PRODUCT_BUNDLE_IDENTIFIER = pl.jankraus.FoodTracker;
				PRODUCT_NAME = "$(TARGET_NAME)";
			};
			name = Release;
		};
		D332CE311BB34480004A977B /* Debug */ = {
			isa = XCBuildConfiguration;
			buildSettings = {
				BUNDLE_LOADER = "$(TEST_HOST)";
				INFOPLIST_FILE = FoodTrackerTests/Info.plist;
				LD_RUNPATH_SEARCH_PATHS = "$(inherited) @executable_path/Frameworks @loader_path/Frameworks";
				PRODUCT_BUNDLE_IDENTIFIER = pl.jankraus.FoodTrackerTests;
				PRODUCT_NAME = "$(TARGET_NAME)";
				TEST_HOST = "$(BUILT_PRODUCTS_DIR)/FoodTracker.app/FoodTracker";
			};
			name = Debug;
		};
		D332CE321BB34480004A977B /* Release */ = {
			isa = XCBuildConfiguration;
			buildSettings = {
				BUNDLE_LOADER = "$(TEST_HOST)";
				INFOPLIST_FILE = FoodTrackerTests/Info.plist;
				LD_RUNPATH_SEARCH_PATHS = "$(inherited) @executable_path/Frameworks @loader_path/Frameworks";
				PRODUCT_BUNDLE_IDENTIFIER = pl.jankraus.FoodTrackerTests;
				PRODUCT_NAME = "$(TARGET_NAME)";
				TEST_HOST = "$(BUILT_PRODUCTS_DIR)/FoodTracker.app/FoodTracker";
			};
			name = Release;
		};
/* End XCBuildConfiguration section */

/* Begin XCConfigurationList section */
		D332CE0B1BB34480004A977B /* Build configuration list for PBXProject "FoodTracker" */ = {
			isa = XCConfigurationList;
			buildConfigurations = (
				D332CE2B1BB34480004A977B /* Debug */,
				D332CE2C1BB34480004A977B /* Release */,
			);
			defaultConfigurationIsVisible = 0;
			defaultConfigurationName = Release;
		};
		D332CE2D1BB34480004A977B /* Build configuration list for PBXNativeTarget "FoodTracker" */ = {
			isa = XCConfigurationList;
			buildConfigurations = (
				D332CE2E1BB34480004A977B /* Debug */,
				D332CE2F1BB34480004A977B /* Release */,
			);
			defaultConfigurationIsVisible = 0;
			defaultConfigurationName = Release;
		};
		D332CE301BB34480004A977B /* Build configuration list for PBXNativeTarget "FoodTrackerTests" */ = {
			isa = XCConfigurationList;
			buildConfigurations = (
				D332CE311BB34480004A977B /* Debug */,
				D332CE321BB34480004A977B /* Release */,
			);
			defaultConfigurationIsVisible = 0;
			defaultConfigurationName = Release;
		};
/* End XCConfigurationList section */
	};
	rootObject = D332CE081BB34480004A977B /* Project object */;
}
